{
    "_readme": [
        "This file locks the dependencies of your project to a known state",
        "Read more about it at https://getcomposer.org/doc/01-basic-usage.md#installing-dependencies",
        "This file is @generated automatically"
    ],
    "content-hash": "5fd5934894283cc3a16c13382e65e662",
    "packages": [
        {
            "name": "lotsofcode/tag-cloud",
            "version": "4.0.1",
            "source": {
                "type": "git",
                "url": "https://github.com/lotsofcode/tag-cloud.git",
                "reference": "c2c769e7ed458952829dcc22fa8eb739bbabd24e"
            },
            "dist": {
                "type": "zip",
                "url": "https://api.github.com/repos/lotsofcode/tag-cloud/zipball/c2c769e7ed458952829dcc22fa8eb739bbabd24e",
                "reference": "c2c769e7ed458952829dcc22fa8eb739bbabd24e",
                "shasum": ""
            },
            "require-dev": {
                "phpunit/phpunit": "3.7.*"
            },
            "type": "library",
            "autoload": {
                "psr-0": {
                    "lotsofcode": "src"
                }
            },
            "notification-url": "https://packagist.org/downloads/",
            "support": {
                "issues": "https://github.com/lotsofcode/tag-cloud/issues",
                "source": "https://github.com/lotsofcode/tag-cloud/tree/4.0.1"
            },
            "time": "2014-08-05T19:40:53+00:00"
        }
    ],
    "packages-dev": [],
    "aliases": [],
    "minimum-stability": "stable",
    "stability-flags": [],
    "prefer-stable": false,
    "prefer-lowest": false,
    "platform": [],
    "platform-dev": [],
    "plugin-api-version": "2.1.0"
}
